
Microsoft Visual Studio Solution File, Format Version 12.00
# Visual Studio 15
VisualStudioVersion = 15.0.26124.0
MinimumVisualStudioVersion = 15.0.26124.0
Project("{2150E333-8FDC-42A3-9474-1A3956D46DE8}") = "src", "src", "{1A356E74-173E-4AE8-AB5A-154287E6457A}"
EndProject
Project("{FAE04EC0-301F-11D3-BF4B-00C04F79EFBC}") = "GradeBook", "src\GradeBook\GradeBook.csproj", "{0B43FF72-E382-4E47-AED2-70729FCC4856}"
EndProject
Project("{2150E333-8FDC-42A3-9474-1A3956D46DE8}") = "test", "test", "{D72E9256-953E-44DD-8063-94AE577533C6}"
EndProject
Project("{FAE04EC0-301F-11D3-BF4B-00C04F79EFBC}") = "GradeBook.Tests", "test\GradeBook.Tests\GradeBook.Tests.csproj", "{F6DE42CC-E8E9-471B-A3A0-1F0F9A94AA60}"
EndProject
Global
	GlobalSection(SolutionConfigurationPlatforms) = preSolution
		Debug|Any CPU = Debug|Any CPU
		Debug|x64 = Debug|x64
		Debug|x86 = Debug|x86
		Release|Any CPU = Release|Any CPU
		Release|x64 = Release|x64
		Release|x86 = Release|x86
	EndGlobalSection
	GlobalSection(SolutionProperties) = preSolution
		HideSolutionNode = FALSE
	EndGlobalSection
	GlobalSection(ProjectConfigurationPlatforms) = postSolution
		{0B43FF72-E382-4E47-AED2-70729FCC4856}.Debug|Any CPU.ActiveCfg = Debug|Any CPU
		{0B43FF72-E382-4E47-AED2-70729FCC4856}.Debug|Any CPU.Build.0 = Debug|Any CPU
		{0B43FF72-E382-4E47-AED2-70729FCC4856}.Debug|x64.ActiveCfg = Debug|Any CPU
		{0B43FF72-E382-4E47-AED2-70729FCC4856}.Debug|x64.Build.0 = Debug|Any CPU
		{0B43FF72-E382-4E47-AED2-70729FCC4856}.Debug|x86.ActiveCfg = Debug|Any CPU
		{0B43FF72-E382-4E47-AED2-70729FCC4856}.Debug|x86.Build.0 = Debug|Any CPU
		{0B43FF72-E382-4E47-AED2-70729FCC4856}.Release|Any CPU.ActiveCfg = Release|Any CPU
		{0B43FF72-E382-4E47-AED2-70729FCC4856}.Release|Any CPU.Build.0 = Release|Any CPU
		{0B43FF72-E382-4E47-AED2-70729FCC4856}.Release|x64.ActiveCfg = Release|Any CPU
		{0B43FF72-E382-4E47-AED2-70729FCC4856}.Release|x64.Build.0 = Release|Any CPU
		{0B43FF72-E382-4E47-AED2-70729FCC4856}.Release|x86.ActiveCfg = Release|Any CPU
		{0B43FF72-E382-4E47-AED2-70729FCC4856}.Release|x86.Build.0 = Release|Any CPU
		{F6DE42CC-E8E9-471B-A3A0-1F0F9A94AA60}.Debug|Any CPU.ActiveCfg = Debug|Any CPU
		{F6DE42CC-E8E9-471B-A3A0-1F0F9A94AA60}.Debug|Any CPU.Build.0 = Debug|Any CPU
		{F6DE42CC-E8E9-471B-A3A0-1F0F9A94AA60}.Debug|x64.ActiveCfg = Debug|Any CPU
		{F6DE42CC-E8E9-471B-A3A0-1F0F9A94AA60}.Debug|x64.Build.0 = Debug|Any CPU
		{F6DE42CC-E8E9-471B-A3A0-1F0F9A94AA60}.Debug|x86.ActiveCfg = Debug|Any CPU
		{F6DE42CC-E8E9-471B-A3A0-1F0F9A94AA60}.Debug|x86.Build.0 = Debug|Any CPU
		{F6DE42CC-E8E9-471B-A3A0-1F0F9A94AA60}.Release|Any CPU.ActiveCfg = Release|Any CPU
		{F6DE42CC-E8E9-471B-A3A0-1F0F9A94AA60}.Release|Any CPU.Build.0 = Release|Any CPU
		{F6DE42CC-E8E9-471B-A3A0-1F0F9A94AA60}.Release|x64.ActiveCfg = Release|Any CPU
		{F6DE42CC-E8E9-471B-A3A0-1F0F9A94AA60}.Release|x64.Build.0 = Release|Any CPU
		{F6DE42CC-E8E9-471B-A3A0-1F0F9A94AA60}.Release|x86.ActiveCfg = Release|Any CPU
		{F6DE42CC-E8E9-471B-A3A0-1F0F9A94AA60}.Release|x86.Build.0 = Release|Any CPU
	EndGlobalSection
	GlobalSection(NestedProjects) = preSolution
		{0B43FF72-E382-4E47-AED2-70729FCC4856} = {1A356E74-173E-4AE8-AB5A-154287E6457A}
		{F6DE42CC-E8E9-471B-A3A0-1F0F9A94AA60} = {D72E9256-953E-44DD-8063-94AE577533C6}
	EndGlobalSection
EndGlobal
